
Microsoft Visual Studio Solution File, Format Version 12.00
# Visual Studio 15
VisualStudioVersion = 15.0.27703.2035
MinimumVisualStudioVersion = 10.0.40219.1
Project("{8BC9CEB8-8B4A-11D0-8D11-00A0C91BC942}") = "WPS", "WPS\WPS.vcxproj", "{FCEBF3B5-7280-40FE-9A3C-F2B10FAB1F54}"
EndProject
Project("{8BC9CEB8-8B4A-11D0-8D11-00A0C91BC942}") = "MyExecRefsDll", "MyExecRefsDll\MyExecRefsDll.vcxproj", "{911BD4B0-EC54-4735-80E0-C31984C4D110}"
EndProject
Project("{8BC9CEB8-8B4A-11D0-8D11-00A0C91BC942}") = "BLPK", "BLPK\BLPK.vcxproj", "{0E3F41F5-9801-D608-6E1F-4F1B3DEC020F}"
EndProject
Project("{8BC9CEB8-8B4A-11D0-8D11-00A0C91BC942}") = "GLPK", "GLPK\GLPK.vcxproj", "{24D83ECF-B0CB-24E1-8C56-265AF898BADC}"
EndProject
Global
	GlobalSection(SolutionConfigurationPlatforms) = preSolution
		Debug|x64 = Debug|x64
		Debug|x86 = Debug|x86
		Release|x64 = Release|x64
		Release|x86 = Release|x86
		Template|x64 = Template|x64
		Template|x86 = Template|x86
	EndGlobalSection
	GlobalSection(ProjectConfigurationPlatforms) = postSolution
		{FCEBF3B5-7280-40FE-9A3C-F2B10FAB1F54}.Debug|x64.ActiveCfg = Debug|x64
		{FCEBF3B5-7280-40FE-9A3C-F2B10FAB1F54}.Debug|x64.Build.0 = Debug|x64
		{FCEBF3B5-7280-40FE-9A3C-F2B10FAB1F54}.Debug|x86.ActiveCfg = Debug|Win32
		{FCEBF3B5-7280-40FE-9A3C-F2B10FAB1F54}.Debug|x86.Build.0 = Debug|Win32
		{FCEBF3B5-7280-40FE-9A3C-F2B10FAB1F54}.Release|x64.ActiveCfg = Release|x64
		{FCEBF3B5-7280-40FE-9A3C-F2B10FAB1F54}.Release|x64.Build.0 = Release|x64
		{FCEBF3B5-7280-40FE-9A3C-F2B10FAB1F54}.Release|x86.ActiveCfg = Release|Win32
		{FCEBF3B5-7280-40FE-9A3C-F2B10FAB1F54}.Release|x86.Build.0 = Release|Win32
		{FCEBF3B5-7280-40FE-9A3C-F2B10FAB1F54}.Template|x64.ActiveCfg = Release|x64
		{FCEBF3B5-7280-40FE-9A3C-F2B10FAB1F54}.Template|x64.Build.0 = Release|x64
		{FCEBF3B5-7280-40FE-9A3C-F2B10FAB1F54}.Template|x86.ActiveCfg = Release|Win32
		{FCEBF3B5-7280-40FE-9A3C-F2B10FAB1F54}.Template|x86.Build.0 = Release|Win32
		{911BD4B0-EC54-4735-80E0-C31984C4D110}.Debug|x64.ActiveCfg = Debug|x64
		{911BD4B0-EC54-4735-80E0-C31984C4D110}.Debug|x64.Build.0 = Debug|x64
		{911BD4B0-EC54-4735-80E0-C31984C4D110}.Debug|x86.ActiveCfg = Debug|Win32
		{911BD4B0-EC54-4735-80E0-C31984C4D110}.Debug|x86.Build.0 = Debug|Win32
		{911BD4B0-EC54-4735-80E0-C31984C4D110}.Release|x64.ActiveCfg = Release|x64
		{911BD4B0-EC54-4735-80E0-C31984C4D110}.Release|x64.Build.0 = Release|x64
		{911BD4B0-EC54-4735-80E0-C31984C4D110}.Release|x86.ActiveCfg = Release|Win32
		{911BD4B0-EC54-4735-80E0-C31984C4D110}.Release|x86.Build.0 = Release|Win32
		{911BD4B0-EC54-4735-80E0-C31984C4D110}.Template|x64.ActiveCfg = Release|x64
		{911BD4B0-EC54-4735-80E0-C31984C4D110}.Template|x64.Build.0 = Release|x64
		{911BD4B0-EC54-4735-80E0-C31984C4D110}.Template|x86.ActiveCfg = Release|Win32
		{911BD4B0-EC54-4735-80E0-C31984C4D110}.Template|x86.Build.0 = Release|Win32
		{0E3F41F5-9801-D608-6E1F-4F1B3DEC020F}.Debug|x64.ActiveCfg = Debug|x64
		{0E3F41F5-9801-D608-6E1F-4F1B3DEC020F}.Debug|x64.Build.0 = Debug|x64
		{0E3F41F5-9801-D608-6E1F-4F1B3DEC020F}.Debug|x86.ActiveCfg = Debug|Win32
		{0E3F41F5-9801-D608-6E1F-4F1B3DEC020F}.Debug|x86.Build.0 = Debug|Win32
		{0E3F41F5-9801-D608-6E1F-4F1B3DEC020F}.Release|x64.ActiveCfg = Release|x64
		{0E3F41F5-9801-D608-6E1F-4F1B3DEC020F}.Release|x64.Build.0 = Release|x64
		{0E3F41F5-9801-D608-6E1F-4F1B3DEC020F}.Release|x86.ActiveCfg = Release|Win32
		{0E3F41F5-9801-D608-6E1F-4F1B3DEC020F}.Release|x86.Build.0 = Release|Win32
		{0E3F41F5-9801-D608-6E1F-4F1B3DEC020F}.Template|x64.ActiveCfg = Template|x64
		{0E3F41F5-9801-D608-6E1F-4F1B3DEC020F}.Template|x64.Build.0 = Template|x64
		{0E3F41F5-9801-D608-6E1F-4F1B3DEC020F}.Template|x86.ActiveCfg = Template|Win32
		{0E3F41F5-9801-D608-6E1F-4F1B3DEC020F}.Template|x86.Build.0 = Template|Win32
		{24D83ECF-B0CB-24E1-8C56-265AF898BADC}.Debug|x64.ActiveCfg = Debug|x64
		{24D83ECF-B0CB-24E1-8C56-265AF898BADC}.Debug|x64.Build.0 = Debug|x64
		{24D83ECF-B0CB-24E1-8C56-265AF898BADC}.Debug|x86.ActiveCfg = Debug|Win32
		{24D83ECF-B0CB-24E1-8C56-265AF898BADC}.Debug|x86.Build.0 = Debug|Win32
		{24D83ECF-B0CB-24E1-8C56-265AF898BADC}.Release|x64.ActiveCfg = Release|x64
		{24D83ECF-B0CB-24E1-8C56-265AF898BADC}.Release|x64.Build.0 = Release|x64
		{24D83ECF-B0CB-24E1-8C56-265AF898BADC}.Release|x86.ActiveCfg = Release|Win32
		{24D83ECF-B0CB-24E1-8C56-265AF898BADC}.Release|x86.Build.0 = Release|Win32
		{24D83ECF-B0CB-24E1-8C56-265AF898BADC}.Template|x64.ActiveCfg = Template|x64
		{24D83ECF-B0CB-24E1-8C56-265AF898BADC}.Template|x64.Build.0 = Template|x64
		{24D83ECF-B0CB-24E1-8C56-265AF898BADC}.Template|x86.ActiveCfg = Template|Win32
		{24D83ECF-B0CB-24E1-8C56-265AF898BADC}.Template|x86.Build.0 = Template|Win32
	EndGlobalSection
	GlobalSection(SolutionProperties) = preSolution
		HideSolutionNode = FALSE
	EndGlobalSection
	GlobalSection(ExtensibilityGlobals) = postSolution
		SolutionGuid = {C8023828-75C3-40CA-96A2-E1C7D4725C50}
	EndGlobalSection
EndGlobal
