<?xml version="1.0" encoding="utf-8"?>
<Project ToolsVersion="4.0" xmlns="http://schemas.microsoft.com/developer/msbuild/2003">
  <ItemGroup>
    <Filter Include="Source Files">
      <UniqueIdentifier>{7c6840a7-b4e2-4e4e-98bb-c235a2e0a9ad}</UniqueIdentifier>
      <Extensions>cpp;c;cxx;rc;def;r;odl;idl;hpj;bat</Extensions>
    </Filter>
    <Filter Include="Header Files">
      <UniqueIdentifier>{31724967-d54a-443c-aa02-1976a76f25e0}</UniqueIdentifier>
      <Extensions>h;hpp;hxx;hm;inl</Extensions>
    </Filter>
  </ItemGroup>
  <ItemGroup>
    <ClCompile Include="src\glpavl.c">
      <Filter>Source Files</Filter>
    </ClCompile>
    <ClCompile Include="src\glpdmp.c">
      <Filter>Source Files</Filter>
    </ClCompile>
    <ClCompile Include="src\glpiet.c">
      <Filter>Source Files</Filter>
    </ClCompile>
    <ClCompile Include="src\glpinv.c">
      <Filter>Source Files</Filter>
    </ClCompile>
    <ClCompile Include="src\glpios1.c">
      <Filter>Source Files</Filter>
    </ClCompile>
    <ClCompile Include="src\glpios2.c">
      <Filter>Source Files</Filter>
    </ClCompile>
    <ClCompile Include="src\glpios3.c">
      <Filter>Source Files</Filter>
    </ClCompile>
    <ClCompile Include="src\glpipm.c">
      <Filter>Source Files</Filter>
    </ClCompile>
    <ClCompile Include="src\glplib1a.c">
      <Filter>Source Files</Filter>
    </ClCompile>
    <ClCompile Include="src\glplib1b.c">
      <Filter>Source Files</Filter>
    </ClCompile>
    <ClCompile Include="src\glplib2.c">
      <Filter>Source Files</Filter>
    </ClCompile>
    <ClCompile Include="src\glplib3.c">
      <Filter>Source Files</Filter>
    </ClCompile>
    <ClCompile Include="src\glplpp1.c">
      <Filter>Source Files</Filter>
    </ClCompile>
    <ClCompile Include="src\glplpp2.c">
      <Filter>Source Files</Filter>
    </ClCompile>
    <ClCompile Include="src\glplpx1.c">
      <Filter>Source Files</Filter>
    </ClCompile>
    <ClCompile Include="src\glplpx2.c">
      <Filter>Source Files</Filter>
    </ClCompile>
    <ClCompile Include="src\glplpx3.c">
      <Filter>Source Files</Filter>
    </ClCompile>
    <ClCompile Include="src\glplpx4.c">
      <Filter>Source Files</Filter>
    </ClCompile>
    <ClCompile Include="src\glplpx5.c">
      <Filter>Source Files</Filter>
    </ClCompile>
    <ClCompile Include="src\glplpx6a.c">
      <Filter>Source Files</Filter>
    </ClCompile>
    <ClCompile Include="src\glplpx6b.c">
      <Filter>Source Files</Filter>
    </ClCompile>
    <ClCompile Include="src\glplpx6c.c">
      <Filter>Source Files</Filter>
    </ClCompile>
    <ClCompile Include="src\glplpx6d.c">
      <Filter>Source Files</Filter>
    </ClCompile>
    <ClCompile Include="src\glplpx7.c">
      <Filter>Source Files</Filter>
    </ClCompile>
    <ClCompile Include="src\glplpx8a.c">
      <Filter>Source Files</Filter>
    </ClCompile>
    <ClCompile Include="src\glplpx8b.c">
      <Filter>Source Files</Filter>
    </ClCompile>
    <ClCompile Include="src\glplpx8c.c">
      <Filter>Source Files</Filter>
    </ClCompile>
    <ClCompile Include="src\glplpx8d.c">
      <Filter>Source Files</Filter>
    </ClCompile>
    <ClCompile Include="src\glplpx8e.c">
      <Filter>Source Files</Filter>
    </ClCompile>
    <ClCompile Include="src\glpluf.c">
      <Filter>Source Files</Filter>
    </ClCompile>
    <ClCompile Include="src\glpmat.c">
      <Filter>Source Files</Filter>
    </ClCompile>
    <ClCompile Include="src\glpmip1.c">
      <Filter>Source Files</Filter>
    </ClCompile>
    <ClCompile Include="src\glpmip2.c">
      <Filter>Source Files</Filter>
    </ClCompile>
    <ClCompile Include="src\glpmpl1.c">
      <Filter>Source Files</Filter>
    </ClCompile>
    <ClCompile Include="src\glpmpl2.c">
      <Filter>Source Files</Filter>
    </ClCompile>
    <ClCompile Include="src\glpmpl3.c">
      <Filter>Source Files</Filter>
    </ClCompile>
    <ClCompile Include="src\glpmpl4.c">
      <Filter>Source Files</Filter>
    </ClCompile>
    <ClCompile Include="src\glpqmd.c">
      <Filter>Source Files</Filter>
    </ClCompile>
    <ClCompile Include="src\glprng.c">
      <Filter>Source Files</Filter>
    </ClCompile>
    <ClCompile Include="src\glpspx1.c">
      <Filter>Source Files</Filter>
    </ClCompile>
    <ClCompile Include="src\glpspx2.c">
      <Filter>Source Files</Filter>
    </ClCompile>
    <ClCompile Include="src\glpstr.c">
      <Filter>Source Files</Filter>
    </ClCompile>
    <ClCompile Include="src\glptsp.c">
      <Filter>Source Files</Filter>
    </ClCompile>
  </ItemGroup>
  <ItemGroup>
    <ClInclude Include="include\glpavl.h">
      <Filter>Header Files</Filter>
    </ClInclude>
    <ClInclude Include="include\glpdmp.h">
      <Filter>Header Files</Filter>
    </ClInclude>
    <ClInclude Include="include\glpiet.h">
      <Filter>Header Files</Filter>
    </ClInclude>
    <ClInclude Include="include\glpinv.h">
      <Filter>Header Files</Filter>
    </ClInclude>
    <ClInclude Include="include\glpios.h">
      <Filter>Header Files</Filter>
    </ClInclude>
    <ClInclude Include="include\glpipm.h">
      <Filter>Header Files</Filter>
    </ClInclude>
    <ClInclude Include="include\glpk.h">
      <Filter>Header Files</Filter>
    </ClInclude>
    <ClInclude Include="include\glplib.h">
      <Filter>Header Files</Filter>
    </ClInclude>
    <ClInclude Include="include\glplpp.h">
      <Filter>Header Files</Filter>
    </ClInclude>
    <ClInclude Include="include\glplpx.h">
      <Filter>Header Files</Filter>
    </ClInclude>
    <ClInclude Include="include\glpluf.h">
      <Filter>Header Files</Filter>
    </ClInclude>
    <ClInclude Include="include\glpmat.h">
      <Filter>Header Files</Filter>
    </ClInclude>
    <ClInclude Include="include\glpmip.h">
      <Filter>Header Files</Filter>
    </ClInclude>
    <ClInclude Include="include\glpmpl.h">
      <Filter>Header Files</Filter>
    </ClInclude>
    <ClInclude Include="include\glpqmd.h">
      <Filter>Header Files</Filter>
    </ClInclude>
    <ClInclude Include="include\glprng.h">
      <Filter>Header Files</Filter>
    </ClInclude>
    <ClInclude Include="include\glpspx.h">
      <Filter>Header Files</Filter>
    </ClInclude>
    <ClInclude Include="include\glpstr.h">
      <Filter>Header Files</Filter>
    </ClInclude>
    <ClInclude Include="include\glptsp.h">
      <Filter>Header Files</Filter>
    </ClInclude>
  </ItemGroup>
</Project>